
Microsoft Visual Studio Solution File, Format Version 12.00
# Visual Studio 15
VisualStudioVersion = 15.0.28307.271
MinimumVisualStudioVersion = 10.0.40219.1
Project("{FAE04EC0-301F-11D3-BF4B-00C04F79EFBC}") = "GraphMVCApp", "GraphMVCApp\GraphMVCApp.csproj", "{B1683E5F-00E4-4690-97AE-1C94A4F9FC82}"
EndProject
Global
	GlobalSection(SolutionConfigurationPlatforms) = preSolution
		Debug|Any CPU = Debug|Any CPU
		Release|Any CPU = Release|Any CPU
	EndGlobalSection
	GlobalSection(ProjectConfigurationPlatforms) = postSolution
		{B1683E5F-00E4-4690-97AE-1C94A4F9FC82}.Debug|Any CPU.ActiveCfg = Debug|Any CPU
		{B1683E5F-00E4-4690-97AE-1C94A4F9FC82}.Debug|Any CPU.Build.0 = Debug|Any CPU
		{B1683E5F-00E4-4690-97AE-1C94A4F9FC82}.Release|Any CPU.ActiveCfg = Release|Any CPU
		{B1683E5F-00E4-4690-97AE-1C94A4F9FC82}.Release|Any CPU.Build.0 = Release|Any CPU
	EndGlobalSection
	GlobalSection(SolutionProperties) = preSolution
		HideSolutionNode = FALSE
	EndGlobalSection
	GlobalSection(ExtensibilityGlobals) = postSolution
		SolutionGuid = {7A34DDF8-5FE1-44B5-800B-754D6BE24C81}
	EndGlobalSection
EndGlobal
